
Microsoft Visual Studio Solution File, Format Version 12.00
# Visual Studio Version 17
VisualStudioVersion = 17.3.32825.248
MinimumVisualStudioVersion = 10.0.40219.1
Project("{FAE04EC0-301F-11D3-BF4B-00C04F79EFBC}") = "SimpleSpeedometer", "SimpleSpeedometer\SimpleSpeedometer.csproj", "{BF76E509-3DE2-494B-A5A4-F55046D00121}"
EndProject
Global
	GlobalSection(SolutionConfigurationPlatforms) = preSolution
		Debug|Any CPU = Debug|Any CPU
		Release|Any CPU = Release|Any CPU
	EndGlobalSection
	GlobalSection(ProjectConfigurationPlatforms) = postSolution
		{BF76E509-3DE2-494B-A5A4-F55046D00121}.Debug|Any CPU.ActiveCfg = Debug|Any CPU
		{BF76E509-3DE2-494B-A5A4-F55046D00121}.Debug|Any CPU.Build.0 = Debug|Any CPU
		{BF76E509-3DE2-494B-A5A4-F55046D00121}.Release|Any CPU.ActiveCfg = Release|Any CPU
		{BF76E509-3DE2-494B-A5A4-F55046D00121}.Release|Any CPU.Build.0 = Release|Any CPU
	EndGlobalSection
	GlobalSection(SolutionProperties) = preSolution
		HideSolutionNode = FALSE
	EndGlobalSection
	GlobalSection(ExtensibilityGlobals) = postSolution
		SolutionGuid = {53A09449-DF98-4CF7-A9C5-4C518132D8C3}
	EndGlobalSection
EndGlobal
